// !$*UTF8*$!
{
	archiveVersion = 1;
	classes = {
	};
	objectVersion = 46;
	objects = {

/* Begin PBXBuildFile section */
		5211569221FF474A00DE9DEB /* AppDelegate.swift in Sources */ = {isa = PBXBuildFile; fileRef = 52AC4BD41EB2752000AD7DCF /* AppDelegate.swift */; };
		5211569321FF474B00DE9DEB /* AppDelegate.swift in Sources */ = {isa = PBXBuildFile; fileRef = 52AC4BD41EB2752000AD7DCF /* AppDelegate.swift */; };
		5211569421FF474B00DE9DEB /* AppDelegate.swift in Sources */ = {isa = PBXBuildFile; fileRef = 52AC4BD41EB2752000AD7DCF /* AppDelegate.swift */; };
		522BBF0F1EB2AA360038012B /* Main.storyboard in Resources */ = {isa = PBXBuildFile; fileRef = 52AC4BEF1EB27A7400AD7DCF /* Main.storyboard */; };
		522BBF111EB2AA490038012B /* MetalView.swift in Sources */ = {isa = PBXBuildFile; fileRef = 522BBF101EB2AA490038012B /* MetalView.swift */; };
		5290865C1EB3CD1D0037775A /* Main.storyboard in Resources */ = {isa = PBXBuildFile; fileRef = 5290865A1EB3CD1D0037775A /* Main.storyboard */; };
		529086611EB3CDCA0037775A /* MetalView.swift in Sources */ = {isa = PBXBuildFile; fileRef = 5290865F1EB3CDCA0037775A /* MetalView.swift */; };
		529086621EB3CDCA0037775A /* Shaders.metal in Sources */ = {isa = PBXBuildFile; fileRef = 529086601EB3CDCA0037775A /* Shaders.metal */; };
		52A82F1F1EB37CEF002C4F52 /* Shaders.metal in Sources */ = {isa = PBXBuildFile; fileRef = 52A82F1E1EB37CEF002C4F52 /* Shaders.metal */; };
		52AC4BD51EB2752000AD7DCF /* AppDelegate.swift in Sources */ = {isa = PBXBuildFile; fileRef = 52AC4BD41EB2752000AD7DCF /* AppDelegate.swift */; };
		52AC4BD71EB2752000AD7DCF /* ViewController.swift in Sources */ = {isa = PBXBuildFile; fileRef = 52AC4BD61EB2752000AD7DCF /* ViewController.swift */; };
		52AC4BD91EB2752000AD7DCF /* Assets.xcassets in Resources */ = {isa = PBXBuildFile; fileRef = 52AC4BD81EB2752000AD7DCF /* Assets.xcassets */; };
		52AC4BDC1EB2752100AD7DCF /* Main.storyboard in Resources */ = {isa = PBXBuildFile; fileRef = 52AC4BDA1EB2752100AD7DCF /* Main.storyboard */; };
		52AC4BF11EB27A7400AD7DCF /* Main.storyboard in Resources */ = {isa = PBXBuildFile; fileRef = 52AC4BEF1EB27A7400AD7DCF /* Main.storyboard */; };
		52AC4BF71EB27AA500AD7DCF /* MetalView.swift in Sources */ = {isa = PBXBuildFile; fileRef = 52AC4BF61EB27AA500AD7DCF /* MetalView.swift */; };
/* End PBXBuildFile section */

/* Begin PBXFileReference section */
		522BBF001EB2AA080038012B /* Part2.app */ = {isa = PBXFileReference; explicitFileType = wrapper.application; includeInIndex = 0; path = Part2.app; sourceTree = BUILT_PRODUCTS_DIR; };
		522BBF101EB2AA490038012B /* MetalView.swift */ = {isa = PBXFileReference; fileEncoding = 4; lastKnownFileType = sourcecode.swift; path = MetalView.swift; sourceTree = "<group>"; };
		5290864B1EB3CCB70037775A /* Part3.app */ = {isa = PBXFileReference; explicitFileType = wrapper.application; includeInIndex = 0; path = Part3.app; sourceTree = BUILT_PRODUCTS_DIR; };
		5290865B1EB3CD1D0037775A /* Base */ = {isa = PBXFileReference; lastKnownFileType = file.storyboard; name = Base; path = Part1/Base.lproj/Main.storyboard; sourceTree = SOURCE_ROOT; };
		5290865F1EB3CDCA0037775A /* MetalView.swift */ = {isa = PBXFileReference; fileEncoding = 4; lastKnownFileType = sourcecode.swift; path = MetalView.swift; sourceTree = "<group>"; };
		529086601EB3CDCA0037775A /* Shaders.metal */ = {isa = PBXFileReference; fileEncoding = 4; lastKnownFileType = sourcecode.metal; path = Shaders.metal; sourceTree = "<group>"; };
		52A82F1E1EB37CEF002C4F52 /* Shaders.metal */ = {isa = PBXFileReference; fileEncoding = 4; lastKnownFileType = sourcecode.metal; path = Shaders.metal; sourceTree = "<group>"; };
		52AC4BD11EB2752000AD7DCF /* MetalTryout.app */ = {isa = PBXFileReference; explicitFileType = wrapper.application; includeInIndex = 0; path = MetalTryout.app; sourceTree = BUILT_PRODUCTS_DIR; };
		52AC4BD41EB2752000AD7DCF /* AppDelegate.swift */ = {isa = PBXFileReference; lastKnownFileType = sourcecode.swift; path = AppDelegate.swift; sourceTree = "<group>"; };
		52AC4BD61EB2752000AD7DCF /* ViewController.swift */ = {isa = PBXFileReference; lastKnownFileType = sourcecode.swift; path = ViewController.swift; sourceTree = "<group>"; };
		52AC4BD81EB2752000AD7DCF /* Assets.xcassets */ = {isa = PBXFileReference; lastKnownFileType = folder.assetcatalog; path = Assets.xcassets; sourceTree = "<group>"; };
		52AC4BDB1EB2752100AD7DCF /* Base */ = {isa = PBXFileReference; lastKnownFileType = file.storyboard; name = Base; path = Base.lproj/Main.storyboard; sourceTree = "<group>"; };
		52AC4BDD1EB2752100AD7DCF /* Info.plist */ = {isa = PBXFileReference; lastKnownFileType = text.plist.xml; path = Info.plist; sourceTree = SOURCE_ROOT; };
		52AC4BE71EB27A7400AD7DCF /* Part1.app */ = {isa = PBXFileReference; explicitFileType = wrapper.application; includeInIndex = 0; path = Part1.app; sourceTree = BUILT_PRODUCTS_DIR; };
		52AC4BF01EB27A7400AD7DCF /* Base */ = {isa = PBXFileReference; lastKnownFileType = file.storyboard; name = Base; path = Base.lproj/Main.storyboard; sourceTree = "<group>"; };
		52AC4BF61EB27AA500AD7DCF /* MetalView.swift */ = {isa = PBXFileReference; fileEncoding = 4; lastKnownFileType = sourcecode.swift; path = MetalView.swift; sourceTree = "<group>"; };
/* End PBXFileReference section */

/* Begin PBXFrameworksBuildPhase section */
		522BBEFD1EB2AA080038012B /* Frameworks */ = {
			isa = PBXFrameworksBuildPhase;
			buildActionMask = 2147483647;
			files = (
			);
			runOnlyForDeploymentPostprocessing = 0;
		};
		529086481EB3CCB70037775A /* Frameworks */ = {
			isa = PBXFrameworksBuildPhase;
			buildActionMask = 2147483647;
			files = (
			);
			runOnlyForDeploymentPostprocessing = 0;
		};
		52AC4BCE1EB2752000AD7DCF /* Frameworks */ = {
			isa = PBXFrameworksBuildPhase;
			buildActionMask = 2147483647;
			files = (
			);
			runOnlyForDeploymentPostprocessing = 0;
		};
		52AC4BE41EB27A7400AD7DCF /* Frameworks */ = {
			isa = PBXFrameworksBuildPhase;
			buildActionMask = 2147483647;
			files = (
			);
			runOnlyForDeploymentPostprocessing = 0;
		};
/* End PBXFrameworksBuildPhase section */

/* Begin PBXGroup section */
		522BBF011EB2AA080038012B /* Part2 */ = {
			isa = PBXGroup;
			children = (
				522BBF101EB2AA490038012B /* MetalView.swift */,
				52A82F1E1EB37CEF002C4F52 /* Shaders.metal */,
			);
			path = Part2;
			sourceTree = "<group>";
		};
		5290864C1EB3CCB70037775A /* Part3 */ = {
			isa = PBXGroup;
			children = (
				5290865F1EB3CDCA0037775A /* MetalView.swift */,
				529086601EB3CDCA0037775A /* Shaders.metal */,
				5290865A1EB3CD1D0037775A /* Main.storyboard */,
			);
			path = Part3;
			sourceTree = "<group>";
		};
		52AC4BC81EB2752000AD7DCF = {
			isa = PBXGroup;
			children = (
				52AC4BD41EB2752000AD7DCF /* AppDelegate.swift */,
				52AC4BDD1EB2752100AD7DCF /* Info.plist */,
				52AC4BD81EB2752000AD7DCF /* Assets.xcassets */,
				52AC4BD31EB2752000AD7DCF /* MetalTryout */,
				52AC4BE81EB27A7400AD7DCF /* Part1 */,
				522BBF011EB2AA080038012B /* Part2 */,
				5290864C1EB3CCB70037775A /* Part3 */,
				52AC4BD21EB2752000AD7DCF /* Products */,
			);
			sourceTree = "<group>";
		};
		52AC4BD21EB2752000AD7DCF /* Products */ = {
			isa = PBXGroup;
			children = (
				52AC4BD11EB2752000AD7DCF /* MetalTryout.app */,
				52AC4BE71EB27A7400AD7DCF /* Part1.app */,
				522BBF001EB2AA080038012B /* Part2.app */,
				5290864B1EB3CCB70037775A /* Part3.app */,
			);
			name = Products;
			sourceTree = "<group>";
		};
		52AC4BD31EB2752000AD7DCF /* MetalTryout */ = {
			isa = PBXGroup;
			children = (
				52AC4BD61EB2752000AD7DCF /* ViewController.swift */,
				52AC4BDA1EB2752100AD7DCF /* Main.storyboard */,
			);
			path = MetalTryout;
			sourceTree = "<group>";
		};
		52AC4BE81EB27A7400AD7DCF /* Part1 */ = {
			isa = PBXGroup;
			children = (
				52AC4BF61EB27AA500AD7DCF /* MetalView.swift */,
				52AC4BEF1EB27A7400AD7DCF /* Main.storyboard */,
			);
			path = Part1;
			sourceTree = "<group>";
		};
/* End PBXGroup section */

/* Begin PBXNativeTarget section */
		522BBEFF1EB2AA080038012B /* Part2 */ = {
			isa = PBXNativeTarget;
			buildConfigurationList = 522BBF0E1EB2AA080038012B /* Build configuration list for PBXNativeTarget "Part2" */;
			buildPhases = (
				522BBEFC1EB2AA080038012B /* Sources */,
				522BBEFD1EB2AA080038012B /* Frameworks */,
				522BBEFE1EB2AA080038012B /* Resources */,
			);
			buildRules = (
			);
			dependencies = (
			);
			name = Part2;
			productName = Part2;
			productReference = 522BBF001EB2AA080038012B /* Part2.app */;
			productType = "com.apple.product-type.application";
		};
		5290864A1EB3CCB70037775A /* Part3 */ = {
			isa = PBXNativeTarget;
			buildConfigurationList = 529086591EB3CCB80037775A /* Build configuration list for PBXNativeTarget "Part3" */;
			buildPhases = (
				529086471EB3CCB70037775A /* Sources */,
				529086481EB3CCB70037775A /* Frameworks */,
				529086491EB3CCB70037775A /* Resources */,
			);
			buildRules = (
			);
			dependencies = (
			);
			name = Part3;
			productName = Part3;
			productReference = 5290864B1EB3CCB70037775A /* Part3.app */;
			productType = "com.apple.product-type.application";
		};
		52AC4BD01EB2752000AD7DCF /* MetalTryout */ = {
			isa = PBXNativeTarget;
			buildConfigurationList = 52AC4BE01EB2752100AD7DCF /* Build configuration list for PBXNativeTarget "MetalTryout" */;
			buildPhases = (
				52AC4BCD1EB2752000AD7DCF /* Sources */,
				52AC4BCE1EB2752000AD7DCF /* Frameworks */,
				52AC4BCF1EB2752000AD7DCF /* Resources */,
			);
			buildRules = (
			);
			dependencies = (
			);
			name = MetalTryout;
			productName = MetalTryout;
			productReference = 52AC4BD11EB2752000AD7DCF /* MetalTryout.app */;
			productType = "com.apple.product-type.application";
		};
		52AC4BE61EB27A7400AD7DCF /* Part1 */ = {
			isa = PBXNativeTarget;
			buildConfigurationList = 52AC4BF51EB27A7400AD7DCF /* Build configuration list for PBXNativeTarget "Part1" */;
			buildPhases = (
				52AC4BE31EB27A7400AD7DCF /* Sources */,
				52AC4BE41EB27A7400AD7DCF /* Frameworks */,
				52AC4BE51EB27A7400AD7DCF /* Resources */,
			);
			buildRules = (
			);
			dependencies = (
			);
			name = Part1;
			productName = Part1;
			productReference = 52AC4BE71EB27A7400AD7DCF /* Part1.app */;
			productType = "com.apple.product-type.application";
		};
/* End PBXNativeTarget section */

/* Begin PBXProject section */
		52AC4BC91EB2752000AD7DCF /* Project object */ = {
			isa = PBXProject;
			attributes = {
				LastSwiftUpdateCheck = 0830;
				LastUpgradeCheck = 1010;
				ORGANIZATIONNAME = WWITDC;
				TargetAttributes = {
					522BBEFF1EB2AA080038012B = {
						CreatedOnToolsVersion = 8.3.2;
						DevelopmentTeam = KZ7D8X3PRK;
						LastSwiftMigration = 1010;
						ProvisioningStyle = Automatic;
					};
					5290864A1EB3CCB70037775A = {
						CreatedOnToolsVersion = 8.3.2;
						DevelopmentTeam = KZ7D8X3PRK;
						LastSwiftMigration = 0830;
						ProvisioningStyle = Automatic;
					};
					52AC4BD01EB2752000AD7DCF = {
						CreatedOnToolsVersion = 8.3.2;
						DevelopmentTeam = KZ7D8X3PRK;
						LastSwiftMigration = 1010;
						ProvisioningStyle = Automatic;
					};
					52AC4BE61EB27A7400AD7DCF = {
						CreatedOnToolsVersion = 8.3.2;
						DevelopmentTeam = KZ7D8X3PRK;
						LastSwiftMigration = 1010;
						ProvisioningStyle = Automatic;
					};
				};
			};
			buildConfigurationList = 52AC4BCC1EB2752000AD7DCF /* Build configuration list for PBXProject "MetalTryout" */;
			compatibilityVersion = "Xcode 3.2";
			developmentRegion = English;
			hasScannedForEncodings = 0;
			knownRegions = (
				en,
				Base,
			);
			mainGroup = 52AC4BC81EB2752000AD7DCF;
			productRefGroup = 52AC4BD21EB2752000AD7DCF /* Products */;
			projectDirPath = "";
			projectRoot = "";
			targets = (
				52AC4BD01EB2752000AD7DCF /* MetalTryout */,
				52AC4BE61EB27A7400AD7DCF /* Part1 */,
				522BBEFF1EB2AA080038012B /* Part2 */,
				5290864A1EB3CCB70037775A /* Part3 */,
			);
		};
/* End PBXProject section */

/* Begin PBXResourcesBuildPhase section */
		522BBEFE1EB2AA080038012B /* Resources */ = {
			isa = PBXResourcesBuildPhase;
			buildActionMask = 2147483647;
			files = (
				522BBF0F1EB2AA360038012B /* Main.storyboard in Resources */,
			);
			runOnlyForDeploymentPostprocessing = 0;
		};
		529086491EB3CCB70037775A /* Resources */ = {
			isa = PBXResourcesBuildPhase;
			buildActionMask = 2147483647;
			files = (
				5290865C1EB3CD1D0037775A /* Main.storyboard in Resources */,
			);
			runOnlyForDeploymentPostprocessing = 0;
		};
		52AC4BCF1EB2752000AD7DCF /* Resources */ = {
			isa = PBXResourcesBuildPhase;
			buildActionMask = 2147483647;
			files = (
				52AC4BD91EB2752000AD7DCF /* Assets.xcassets in Resources */,
				52AC4BDC1EB2752100AD7DCF /* Main.storyboard in Resources */,
			);
			runOnlyForDeploymentPostprocessing = 0;
		};
		52AC4BE51EB27A7400AD7DCF /* Resources */ = {
			isa = PBXResourcesBuildPhase;
			buildActionMask = 2147483647;
			files = (
				52AC4BF11EB27A7400AD7DCF /* Main.storyboard in Resources */,
			);
			runOnlyForDeploymentPostprocessing = 0;
		};
/* End PBXResourcesBuildPhase section */

/* Begin PBXSourcesBuildPhase section */
		522BBEFC1EB2AA080038012B /* Sources */ = {
			isa = PBXSourcesBuildPhase;
			buildActionMask = 2147483647;
			files = (
				5211569321FF474B00DE9DEB /* AppDelegate.swift in Sources */,
				52A82F1F1EB37CEF002C4F52 /* Shaders.metal in Sources */,
				522BBF111EB2AA490038012B /* MetalView.swift in Sources */,
			);
			runOnlyForDeploymentPostprocessing = 0;
		};
		529086471EB3CCB70037775A /* Sources */ = {
			isa = PBXSourcesBuildPhase;
			buildActionMask = 2147483647;
			files = (
				5211569421FF474B00DE9DEB /* AppDelegate.swift in Sources */,
				529086621EB3CDCA0037775A /* Shaders.metal in Sources */,
				529086611EB3CDCA0037775A /* MetalView.swift in Sources */,
			);
			runOnlyForDeploymentPostprocessing = 0;
		};
		52AC4BCD1EB2752000AD7DCF /* Sources */ = {
			isa = PBXSourcesBuildPhase;
			buildActionMask = 2147483647;
			files = (
				52AC4BD71EB2752000AD7DCF /* ViewController.swift in Sources */,
				52AC4BD51EB2752000AD7DCF /* AppDelegate.swift in Sources */,
			);
			runOnlyForDeploymentPostprocessing = 0;
		};
		52AC4BE31EB27A7400AD7DCF /* Sources */ = {
			isa = PBXSourcesBuildPhase;
			buildActionMask = 2147483647;
			files = (
				5211569221FF474A00DE9DEB /* AppDelegate.swift in Sources */,
				52AC4BF71EB27AA500AD7DCF /* MetalView.swift in Sources */,
			);
			runOnlyForDeploymentPostprocessing = 0;
		};
/* End PBXSourcesBuildPhase section */

/* Begin PBXVariantGroup section */
		5290865A1EB3CD1D0037775A /* Main.storyboard */ = {
			isa = PBXVariantGroup;
			children = (
				5290865B1EB3CD1D0037775A /* Base */,
			);
			name = Main.storyboard;
			sourceTree = "<group>";
		};
		52AC4BDA1EB2752100AD7DCF /* Main.storyboard */ = {
			isa = PBXVariantGroup;
			children = (
				52AC4BDB1EB2752100AD7DCF /* Base */,
			);
			name = Main.storyboard;
			sourceTree = "<group>";
		};
		52AC4BEF1EB27A7400AD7DCF /* Main.storyboard */ = {
			isa = PBXVariantGroup;
			children = (
				52AC4BF01EB27A7400AD7DCF /* Base */,
			);
			name = Main.storyboard;
			sourceTree = "<group>";
		};
/* End PBXVariantGroup section */

/* Begin XCBuildConfiguration section */
		522BBF0C1EB2AA080038012B /* Debug */ = {
			isa = XCBuildConfiguration;
			buildSettings = {
				ASSETCATALOG_COMPILER_APPICON_NAME = AppIcon;
				COMBINE_HIDPI_IMAGES = YES;
				INFOPLIST_FILE = "$(SRCROOT)/Info.plist";
				LD_RUNPATH_SEARCH_PATHS = "$(inherited) @executable_path/../Frameworks";
				PRODUCT_BUNDLE_IDENTIFIER = com.wwitdc.apollozhu.Part2;
				PRODUCT_NAME = "$(TARGET_NAME)";
				SWIFT_VERSION = 4.2;
			};
			name = Debug;
		};
		522BBF0D1EB2AA080038012B /* Release */ = {
			isa = XCBuildConfiguration;
			buildSettings = {
				ASSETCATALOG_COMPILER_APPICON_NAME = AppIcon;
				COMBINE_HIDPI_IMAGES = YES;
				INFOPLIST_FILE = "$(SRCROOT)/Info.plist";
				LD_RUNPATH_SEARCH_PATHS = "$(inherited) @executable_path/../Frameworks";
				PRODUCT_BUNDLE_IDENTIFIER = com.wwitdc.apollozhu.Part2;
				PRODUCT_NAME = "$(TARGET_NAME)";
				SWIFT_VERSION = 4.2;
			};
			name = Release;
		};
		529086571EB3CCB80037775A /* Debug */ = {
			isa = XCBuildConfiguration;
			buildSettings = {
				ASSETCATALOG_COMPILER_APPICON_NAME = AppIcon;
				CLANG_ENABLE_MODULES = YES;
				COMBINE_HIDPI_IMAGES = YES;
				INFOPLIST_FILE = "$(SRCROOT)/Info.plist";
				LD_RUNPATH_SEARCH_PATHS = "$(inherited) @executable_path/../Frameworks";
				PRODUCT_BUNDLE_IDENTIFIER = com.wwitdc.apollozhu.Part3;
				PRODUCT_NAME = "$(TARGET_NAME)";
				SWIFT_OPTIMIZATION_LEVEL = "-Onone";
				SWIFT_VERSION = 3.0;
			};
			name = Debug;
		};
		529086581EB3CCB80037775A /* Release */ = {
			isa = XCBuildConfiguration;
			buildSettings = {
				ASSETCATALOG_COMPILER_APPICON_NAME = AppIcon;
				CLANG_ENABLE_MODULES = YES;
				COMBINE_HIDPI_IMAGES = YES;
				INFOPLIST_FILE = "$(SRCROOT)/Info.plist";
				LD_RUNPATH_SEARCH_PATHS = "$(inherited) @executable_path/../Frameworks";
				PRODUCT_BUNDLE_IDENTIFIER = com.wwitdc.apollozhu.Part3;
				PRODUCT_NAME = "$(TARGET_NAME)";
				SWIFT_VERSION = 3.0;
			};
			name = Release;
		};
		52AC4BDE1EB2752100AD7DCF /* Debug */ = {
			isa = XCBuildConfiguration;
			buildSettings = {
				ALWAYS_SEARCH_USER_PATHS = NO;
				CLANG_ANALYZER_NONNULL = YES;
				CLANG_ANALYZER_NUMBER_OBJECT_CONVERSION = YES_AGGRESSIVE;
				CLANG_CXX_LANGUAGE_STANDARD = "gnu++0x";
				CLANG_CXX_LIBRARY = "libc++";
				CLANG_ENABLE_MODULES = YES;
				CLANG_ENABLE_OBJC_ARC = YES;
				CLANG_WARN_BLOCK_CAPTURE_AUTORELEASING = YES;
				CLANG_WARN_BOOL_CONVERSION = YES;
				CLANG_WARN_COMMA = YES;
				CLANG_WARN_CONSTANT_CONVERSION = YES;
				CLANG_WARN_DEPRECATED_OBJC_IMPLEMENTATIONS = YES;
				CLANG_WARN_DIRECT_OBJC_ISA_USAGE = YES_ERROR;
				CLANG_WARN_DOCUMENTATION_COMMENTS = YES;
				CLANG_WARN_EMPTY_BODY = YES;
				CLANG_WARN_ENUM_CONVERSION = YES;
				CLANG_WARN_INFINITE_RECURSION = YES;
				CLANG_WARN_INT_CONVERSION = YES;
				CLANG_WARN_NON_LITERAL_NULL_CONVERSION = YES;
				CLANG_WARN_OBJC_IMPLICIT_RETAIN_SELF = YES;
				CLANG_WARN_OBJC_LITERAL_CONVERSION = YES;
				CLANG_WARN_OBJC_ROOT_CLASS = YES_ERROR;
				CLANG_WARN_RANGE_LOOP_ANALYSIS = YES;
				CLANG_WARN_STRICT_PROTOTYPES = YES;
				CLANG_WARN_SUSPICIOUS_MOVE = YES;
				CLANG_WARN_UNREACHABLE_CODE = YES;
				CLANG_WARN__DUPLICATE_METHOD_MATCH = YES;
				CODE_SIGN_IDENTITY = "-";
				COPY_PHASE_STRIP = NO;
				DEBUG_INFORMATION_FORMAT = dwarf;
				ENABLE_STRICT_OBJC_MSGSEND = YES;
				ENABLE_TESTABILITY = YES;
				GCC_C_LANGUAGE_STANDARD = gnu99;
				GCC_DYNAMIC_NO_PIC = NO;
				GCC_NO_COMMON_BLOCKS = YES;
				GCC_OPTIMIZATION_LEVEL = 0;
				GCC_PREPROCESSOR_DEFINITIONS = (
					"DEBUG=1",
					"$(inherited)",
				);
				GCC_WARN_64_TO_32_BIT_CONVERSION = YES;
				GCC_WARN_ABOUT_RETURN_TYPE = YES_ERROR;
				GCC_WARN_UNDECLARED_SELECTOR = YES;
				GCC_WARN_UNINITIALIZED_AUTOS = YES_AGGRESSIVE;
				GCC_WARN_UNUSED_FUNCTION = YES;
				GCC_WARN_UNUSED_VARIABLE = YES;
				MACOSX_DEPLOYMENT_TARGET = 10.12;
				MTL_ENABLE_DEBUG_INFO = YES;
				ONLY_ACTIVE_ARCH = YES;
				SDKROOT = macosx;
				SWIFT_ACTIVE_COMPILATION_CONDITIONS = DEBUG;
				SWIFT_OPTIMIZATION_LEVEL = "-Onone";
			};
			name = Debug;
		};
		52AC4BDF1EB2752100AD7DCF /* Release */ = {
			isa = XCBuildConfiguration;
			buildSettings = {
				ALWAYS_SEARCH_USER_PATHS = NO;
				CLANG_ANALYZER_NONNULL = YES;
				CLANG_ANALYZER_NUMBER_OBJECT_CONVERSION = YES_AGGRESSIVE;
				CLANG_CXX_LANGUAGE_STANDARD = "gnu++0x";
				CLANG_CXX_LIBRARY = "libc++";
				CLANG_ENABLE_MODULES = YES;
				CLANG_ENABLE_OBJC_ARC = YES;
				CLANG_WARN_BLOCK_CAPTURE_AUTORELEASING = YES;
				CLANG_WARN_BOOL_CONVERSION = YES;
				CLANG_WARN_COMMA = YES;
				CLANG_WARN_CONSTANT_CONVERSION = YES;
				CLANG_WARN_DEPRECATED_OBJC_IMPLEMENTATIONS = YES;
				CLANG_WARN_DIRECT_OBJC_ISA_USAGE = YES_ERROR;
				CLANG_WARN_DOCUMENTATION_COMMENTS = YES;
				CLANG_WARN_EMPTY_BODY = YES;
				CLANG_WARN_ENUM_CONVERSION = YES;
				CLANG_WARN_INFINITE_RECURSION = YES;
				CLANG_WARN_INT_CONVERSION = YES;
				CLANG_WARN_NON_LITERAL_NULL_CONVERSION = YES;
				CLANG_WARN_OBJC_IMPLICIT_RETAIN_SELF = YES;
				CLANG_WARN_OBJC_LITERAL_CONVERSION = YES;
				CLANG_WARN_OBJC_ROOT_CLASS = YES_ERROR;
				CLANG_WARN_RANGE_LOOP_ANALYSIS = YES;
				CLANG_WARN_STRICT_PROTOTYPES = YES;
				CLANG_WARN_SUSPICIOUS_MOVE = YES;
				CLANG_WARN_UNREACHABLE_CODE = YES;
				CLANG_WARN__DUPLICATE_METHOD_MATCH = YES;
				CODE_SIGN_IDENTITY = "-";
				COPY_PHASE_STRIP = NO;
				DEBUG_INFORMATION_FORMAT = "dwarf-with-dsym";
				ENABLE_NS_ASSERTIONS = NO;
				ENABLE_STRICT_OBJC_MSGSEND = YES;
				GCC_C_LANGUAGE_STANDARD = gnu99;
				GCC_NO_COMMON_BLOCKS = YES;
				GCC_WARN_64_TO_32_BIT_CONVERSION = YES;
				GCC_WARN_ABOUT_RETURN_TYPE = YES_ERROR;
				GCC_WARN_UNDECLARED_SELECTOR = YES;
				GCC_WARN_UNINITIALIZED_AUTOS = YES_AGGRESSIVE;
				GCC_WARN_UNUSED_FUNCTION = YES;
				GCC_WARN_UNUSED_VARIABLE = YES;
				MACOSX_DEPLOYMENT_TARGET = 10.12;
				MTL_ENABLE_DEBUG_INFO = NO;
				SDKROOT = macosx;
				SWIFT_OPTIMIZATION_LEVEL = "-Owholemodule";
			};
			name = Release;
		};
		52AC4BE11EB2752100AD7DCF /* Debug */ = {
			isa = XCBuildConfiguration;
			buildSettings = {
				ASSETCATALOG_COMPILER_APPICON_NAME = AppIcon;
				COMBINE_HIDPI_IMAGES = YES;
				INFOPLIST_FILE = "$(SRCROOT)/Info.plist";
				LD_RUNPATH_SEARCH_PATHS = "$(inherited) @executable_path/../Frameworks";
				PRODUCT_BUNDLE_IDENTIFIER = com.wwitdc.apollozhu.MetalTryout;
				PRODUCT_NAME = "$(TARGET_NAME)";
				SWIFT_VERSION = 4.2;
			};
			name = Debug;
		};
		52AC4BE21EB2752100AD7DCF /* Release */ = {
			isa = XCBuildConfiguration;
			buildSettings = {
				ASSETCATALOG_COMPILER_APPICON_NAME = AppIcon;
				COMBINE_HIDPI_IMAGES = YES;
				INFOPLIST_FILE = "$(SRCROOT)/Info.plist";
				LD_RUNPATH_SEARCH_PATHS = "$(inherited) @executable_path/../Frameworks";
				PRODUCT_BUNDLE_IDENTIFIER = com.wwitdc.apollozhu.MetalTryout;
				PRODUCT_NAME = "$(TARGET_NAME)";
				SWIFT_VERSION = 4.2;
			};
			name = Release;
		};
		52AC4BF31EB27A7400AD7DCF /* Debug */ = {
			isa = XCBuildConfiguration;
			buildSettings = {
				ASSETCATALOG_COMPILER_APPICON_NAME = AppIcon;
				COMBINE_HIDPI_IMAGES = YES;
				INFOPLIST_FILE = "$(SRCROOT)/Info.plist";
				LD_RUNPATH_SEARCH_PATHS = "$(inherited) @executable_path/../Frameworks";
				PRODUCT_BUNDLE_IDENTIFIER = com.wwitdc.apollozhu.Part1;
				PRODUCT_NAME = "$(TARGET_NAME)";
				SWIFT_VERSION = 4.2;
			};
			name = Debug;
		};
		52AC4BF41EB27A7400AD7DCF /* Release */ = {
			isa = XCBuildConfiguration;
			buildSettings = {
				ASSETCATALOG_COMPILER_APPICON_NAME = AppIcon;
				COMBINE_HIDPI_IMAGES = YES;
				INFOPLIST_FILE = "$(SRCROOT)/Info.plist";
				LD_RUNPATH_SEARCH_PATHS = "$(inherited) @executable_path/../Frameworks";
				PRODUCT_BUNDLE_IDENTIFIER = com.wwitdc.apollozhu.Part1;
				PRODUCT_NAME = "$(TARGET_NAME)";
				SWIFT_VERSION = 4.2;
			};
			name = Release;
		};
/* End XCBuildConfiguration section */

/* Begin XCConfigurationList section */
		522BBF0E1EB2AA080038012B /* Build configuration list for PBXNativeTarget "Part2" */ = {
			isa = XCConfigurationList;
			buildConfigurations = (
				522BBF0C1EB2AA080038012B /* Debug */,
				522BBF0D1EB2AA080038012B /* Release */,
			);
			defaultConfigurationIsVisible = 0;
			defaultConfigurationName = Release;
		};
		529086591EB3CCB80037775A /* Build configuration list for PBXNativeTarget "Part3" */ = {
			isa = XCConfigurationList;
			buildConfigurations = (
				529086571EB3CCB80037775A /* Debug */,
				529086581EB3CCB80037775A /* Release */,
			);
			defaultConfigurationIsVisible = 0;
			defaultConfigurationName = Release;
		};
		52AC4BCC1EB2752000AD7DCF /* Build configuration list for PBXProject "MetalTryout" */ = {
			isa = XCConfigurationList;
			buildConfigurations = (
				52AC4BDE1EB2752100AD7DCF /* Debug */,
				52AC4BDF1EB2752100AD7DCF /* Release */,
			);
			defaultConfigurationIsVisible = 0;
			defaultConfigurationName = Release;
		};
		52AC4BE01EB2752100AD7DCF /* Build configuration list for PBXNativeTarget "MetalTryout" */ = {
			isa = XCConfigurationList;
			buildConfigurations = (
				52AC4BE11EB2752100AD7DCF /* Debug */,
				52AC4BE21EB2752100AD7DCF /* Release */,
			);
			defaultConfigurationIsVisible = 0;
			defaultConfigurationName = Release;
		};
		52AC4BF51EB27A7400AD7DCF /* Build configuration list for PBXNativeTarget "Part1" */ = {
			isa = XCConfigurationList;
			buildConfigurations = (
				52AC4BF31EB27A7400AD7DCF /* Debug */,
				52AC4BF41EB27A7400AD7DCF /* Release */,
			);
			defaultConfigurationIsVisible = 0;
			defaultConfigurationName = Release;
		};
/* End XCConfigurationList section */
	};
	rootObject = 52AC4BC91EB2752000AD7DCF /* Project object */;
}
